
Microsoft Visual Studio Solution File, Format Version 12.00
# Visual Studio Version 16
VisualStudioVersion = 16.0.30717.126
MinimumVisualStudioVersion = 10.0.40219.1
Project("{8BC9CEB8-8B4A-11D0-8D11-00A0C91BC942}") = "GCD and GCF", "GCD and GCF\GCD and GCF.vcxproj", "{ABAD01AB-7F31-49A3-9040-22AB0789669C}"
EndProject
Global
	GlobalSection(SolutionConfigurationPlatforms) = preSolution
		Debug|x64 = Debug|x64
		Debug|x86 = Debug|x86
		Release|x64 = Release|x64
		Release|x86 = Release|x86
	EndGlobalSection
	GlobalSection(ProjectConfigurationPlatforms) = postSolution
		{ABAD01AB-7F31-49A3-9040-22AB0789669C}.Debug|x64.ActiveCfg = Debug|x64
		{ABAD01AB-7F31-49A3-9040-22AB0789669C}.Debug|x64.Build.0 = Debug|x64
		{ABAD01AB-7F31-49A3-9040-22AB0789669C}.Debug|x86.ActiveCfg = Debug|Win32
		{ABAD01AB-7F31-49A3-9040-22AB0789669C}.Debug|x86.Build.0 = Debug|Win32
		{ABAD01AB-7F31-49A3-9040-22AB0789669C}.Release|x64.ActiveCfg = Release|x64
		{ABAD01AB-7F31-49A3-9040-22AB0789669C}.Release|x64.Build.0 = Release|x64
		{ABAD01AB-7F31-49A3-9040-22AB0789669C}.Release|x86.ActiveCfg = Release|Win32
		{ABAD01AB-7F31-49A3-9040-22AB0789669C}.Release|x86.Build.0 = Release|Win32
	EndGlobalSection
	GlobalSection(SolutionProperties) = preSolution
		HideSolutionNode = FALSE
	EndGlobalSection
	GlobalSection(ExtensibilityGlobals) = postSolution
		SolutionGuid = {8B41814D-5EEC-4D09-B8E7-FCD686FAA033}
	EndGlobalSection
EndGlobal
