
Microsoft Visual Studio Solution File, Format Version 12.00
# Visual Studio Version 16
VisualStudioVersion = 16.0.30717.126
MinimumVisualStudioVersion = 10.0.40219.1
Project("{8BC9CEB8-8B4A-11D0-8D11-00A0C91BC942}") = "Find prime numbers", "Find prime numbers\Find prime numbers.vcxproj", "{5DBD5D1E-4978-4B33-9AEF-9BECE403971B}"
EndProject
Global
	GlobalSection(SolutionConfigurationPlatforms) = preSolution
		Debug|x64 = Debug|x64
		Debug|x86 = Debug|x86
		Release|x64 = Release|x64
		Release|x86 = Release|x86
	EndGlobalSection
	GlobalSection(ProjectConfigurationPlatforms) = postSolution
		{5DBD5D1E-4978-4B33-9AEF-9BECE403971B}.Debug|x64.ActiveCfg = Debug|x64
		{5DBD5D1E-4978-4B33-9AEF-9BECE403971B}.Debug|x64.Build.0 = Debug|x64
		{5DBD5D1E-4978-4B33-9AEF-9BECE403971B}.Debug|x86.ActiveCfg = Debug|Win32
		{5DBD5D1E-4978-4B33-9AEF-9BECE403971B}.Debug|x86.Build.0 = Debug|Win32
		{5DBD5D1E-4978-4B33-9AEF-9BECE403971B}.Release|x64.ActiveCfg = Release|x64
		{5DBD5D1E-4978-4B33-9AEF-9BECE403971B}.Release|x64.Build.0 = Release|x64
		{5DBD5D1E-4978-4B33-9AEF-9BECE403971B}.Release|x86.ActiveCfg = Release|Win32
		{5DBD5D1E-4978-4B33-9AEF-9BECE403971B}.Release|x86.Build.0 = Release|Win32
	EndGlobalSection
	GlobalSection(SolutionProperties) = preSolution
		HideSolutionNode = FALSE
	EndGlobalSection
	GlobalSection(ExtensibilityGlobals) = postSolution
		SolutionGuid = {DBF4BD5A-C278-4584-B1D1-77E07D15F820}
	EndGlobalSection
EndGlobal
