
Microsoft Visual Studio Solution File, Format Version 12.00
# Visual Studio Version 16
VisualStudioVersion = 16.0.31129.286
MinimumVisualStudioVersion = 10.0.40219.1
Project("{8BC9CEB8-8B4A-11D0-8D11-00A0C91BC942}") = "Make big number", "Make big number\Make big number.vcxproj", "{3CE4E188-2F0B-4DE9-B23E-E975D29466CC}"
EndProject
Global
	GlobalSection(SolutionConfigurationPlatforms) = preSolution
		Debug|x64 = Debug|x64
		Debug|x86 = Debug|x86
		Release|x64 = Release|x64
		Release|x86 = Release|x86
	EndGlobalSection
	GlobalSection(ProjectConfigurationPlatforms) = postSolution
		{3CE4E188-2F0B-4DE9-B23E-E975D29466CC}.Debug|x64.ActiveCfg = Debug|x64
		{3CE4E188-2F0B-4DE9-B23E-E975D29466CC}.Debug|x64.Build.0 = Debug|x64
		{3CE4E188-2F0B-4DE9-B23E-E975D29466CC}.Debug|x86.ActiveCfg = Debug|Win32
		{3CE4E188-2F0B-4DE9-B23E-E975D29466CC}.Debug|x86.Build.0 = Debug|Win32
		{3CE4E188-2F0B-4DE9-B23E-E975D29466CC}.Release|x64.ActiveCfg = Release|x64
		{3CE4E188-2F0B-4DE9-B23E-E975D29466CC}.Release|x64.Build.0 = Release|x64
		{3CE4E188-2F0B-4DE9-B23E-E975D29466CC}.Release|x86.ActiveCfg = Release|Win32
		{3CE4E188-2F0B-4DE9-B23E-E975D29466CC}.Release|x86.Build.0 = Release|Win32
	EndGlobalSection
	GlobalSection(SolutionProperties) = preSolution
		HideSolutionNode = FALSE
	EndGlobalSection
	GlobalSection(ExtensibilityGlobals) = postSolution
		SolutionGuid = {007BA150-F373-45D9-B120-7BA6C5BDAFB7}
	EndGlobalSection
EndGlobal
