
Microsoft Visual Studio Solution File, Format Version 12.00
# Visual Studio Version 16
VisualStudioVersion = 16.0.31129.286
MinimumVisualStudioVersion = 10.0.40219.1
Project("{8BC9CEB8-8B4A-11D0-8D11-00A0C91BC942}") = "JadenCase", "JadenCase\JadenCase.vcxproj", "{7C289409-15B2-4265-AA2A-55C4DAE82D7C}"
EndProject
Global
	GlobalSection(SolutionConfigurationPlatforms) = preSolution
		Debug|x64 = Debug|x64
		Debug|x86 = Debug|x86
		Release|x64 = Release|x64
		Release|x86 = Release|x86
	EndGlobalSection
	GlobalSection(ProjectConfigurationPlatforms) = postSolution
		{7C289409-15B2-4265-AA2A-55C4DAE82D7C}.Debug|x64.ActiveCfg = Debug|x64
		{7C289409-15B2-4265-AA2A-55C4DAE82D7C}.Debug|x64.Build.0 = Debug|x64
		{7C289409-15B2-4265-AA2A-55C4DAE82D7C}.Debug|x86.ActiveCfg = Debug|Win32
		{7C289409-15B2-4265-AA2A-55C4DAE82D7C}.Debug|x86.Build.0 = Debug|Win32
		{7C289409-15B2-4265-AA2A-55C4DAE82D7C}.Release|x64.ActiveCfg = Release|x64
		{7C289409-15B2-4265-AA2A-55C4DAE82D7C}.Release|x64.Build.0 = Release|x64
		{7C289409-15B2-4265-AA2A-55C4DAE82D7C}.Release|x86.ActiveCfg = Release|Win32
		{7C289409-15B2-4265-AA2A-55C4DAE82D7C}.Release|x86.Build.0 = Release|Win32
	EndGlobalSection
	GlobalSection(SolutionProperties) = preSolution
		HideSolutionNode = FALSE
	EndGlobalSection
	GlobalSection(ExtensibilityGlobals) = postSolution
		SolutionGuid = {1BFA9118-8F35-48E1-A423-A987787B86C6}
	EndGlobalSection
EndGlobal
