
Microsoft Visual Studio Solution File, Format Version 12.00
# Visual Studio Version 16
VisualStudioVersion = 16.0.30717.126
MinimumVisualStudioVersion = 10.0.40219.1
Project("{8BC9CEB8-8B4A-11D0-8D11-00A0C91BC942}") = "Gym suit", "Gym suit\Gym suit.vcxproj", "{6DFEA2CC-2172-4BD5-BC2C-F3DB8A1E5882}"
EndProject
Global
	GlobalSection(SolutionConfigurationPlatforms) = preSolution
		Debug|x64 = Debug|x64
		Debug|x86 = Debug|x86
		Release|x64 = Release|x64
		Release|x86 = Release|x86
	EndGlobalSection
	GlobalSection(ProjectConfigurationPlatforms) = postSolution
		{6DFEA2CC-2172-4BD5-BC2C-F3DB8A1E5882}.Debug|x64.ActiveCfg = Debug|x64
		{6DFEA2CC-2172-4BD5-BC2C-F3DB8A1E5882}.Debug|x64.Build.0 = Debug|x64
		{6DFEA2CC-2172-4BD5-BC2C-F3DB8A1E5882}.Debug|x86.ActiveCfg = Debug|Win32
		{6DFEA2CC-2172-4BD5-BC2C-F3DB8A1E5882}.Debug|x86.Build.0 = Debug|Win32
		{6DFEA2CC-2172-4BD5-BC2C-F3DB8A1E5882}.Release|x64.ActiveCfg = Release|x64
		{6DFEA2CC-2172-4BD5-BC2C-F3DB8A1E5882}.Release|x64.Build.0 = Release|x64
		{6DFEA2CC-2172-4BD5-BC2C-F3DB8A1E5882}.Release|x86.ActiveCfg = Release|Win32
		{6DFEA2CC-2172-4BD5-BC2C-F3DB8A1E5882}.Release|x86.Build.0 = Release|Win32
	EndGlobalSection
	GlobalSection(SolutionProperties) = preSolution
		HideSolutionNode = FALSE
	EndGlobalSection
	GlobalSection(ExtensibilityGlobals) = postSolution
		SolutionGuid = {202A3958-9B57-40FF-B399-8CE15F2397A0}
	EndGlobalSection
EndGlobal
